// !$*UTF8*$!
{
	archiveVersion = 1;
	classes = {
	};
	objectVersion = 56;
	objects = {

/* Begin PBXBuildFile section */
		A434574F2BCB7859002799C5 /* AppDelegate.swift in Sources */ = {isa = PBXBuildFile; fileRef = A434574E2BCB7859002799C5 /* AppDelegate.swift */; };
		A43457512BCB7859002799C5 /* SceneDelegate.swift in Sources */ = {isa = PBXBuildFile; fileRef = A43457502BCB7859002799C5 /* SceneDelegate.swift */; };
		A43457532BCB7859002799C5 /* ViewController.swift in Sources */ = {isa = PBXBuildFile; fileRef = A43457522BCB7859002799C5 /* ViewController.swift */; };
		A43457562BCB7859002799C5 /* Base in Resources */ = {isa = PBXBuildFile; fileRef = A43457552BCB7859002799C5 /* Base */; };
		A43457582BCB785B002799C5 /* Assets.xcassets in Resources */ = {isa = PBXBuildFile; fileRef = A43457572BCB785B002799C5 /* Assets.xcassets */; };
		A434575B2BCB785B002799C5 /* Base in Resources */ = {isa = PBXBuildFile; fileRef = A434575A2BCB785B002799C5 /* Base */; };
		A434576D2BCB7996002799C5 /* UIFont+Extension.swift in Sources */ = {isa = PBXBuildFile; fileRef = A43457622BCB7996002799C5 /* UIFont+Extension.swift */; };
		A434576E2BCB7996002799C5 /* UIImageView+Extension.swift in Sources */ = {isa = PBXBuildFile; fileRef = A43457642BCB7996002799C5 /* UIImageView+Extension.swift */; };
		A434576F2BCB7996002799C5 /* String+Extension.swift in Sources */ = {isa = PBXBuildFile; fileRef = A43457662BCB7996002799C5 /* String+Extension.swift */; };
		A43457702BCB7996002799C5 /* UITextField+Extension.swift in Sources */ = {isa = PBXBuildFile; fileRef = A43457682BCB7996002799C5 /* UITextField+Extension.swift */; };
		A43457712BCB7996002799C5 /* UIVIew+Extension.swift in Sources */ = {isa = PBXBuildFile; fileRef = A434576A2BCB7996002799C5 /* UIVIew+Extension.swift */; };
/* End PBXBuildFile section */

/* Begin PBXFileReference section */
		A434574B2BCB7859002799C5 /* TheHappinessProject.app */ = {isa = PBXFileReference; explicitFileType = wrapper.application; includeInIndex = 0; path = TheHappinessProject.app; sourceTree = BUILT_PRODUCTS_DIR; };
		A434574E2BCB7859002799C5 /* AppDelegate.swift */ = {isa = PBXFileReference; lastKnownFileType = sourcecode.swift; path = AppDelegate.swift; sourceTree = "<group>"; };
		A43457502BCB7859002799C5 /* SceneDelegate.swift */ = {isa = PBXFileReference; lastKnownFileType = sourcecode.swift; path = SceneDelegate.swift; sourceTree = "<group>"; };
		A43457522BCB7859002799C5 /* ViewController.swift */ = {isa = PBXFileReference; lastKnownFileType = sourcecode.swift; path = ViewController.swift; sourceTree = "<group>"; };
		A43457552BCB7859002799C5 /* Base */ = {isa = PBXFileReference; lastKnownFileType = file.storyboard; name = Base; path = Base.lproj/Main.storyboard; sourceTree = "<group>"; };
		A43457572BCB785B002799C5 /* Assets.xcassets */ = {isa = PBXFileReference; lastKnownFileType = folder.assetcatalog; path = Assets.xcassets; sourceTree = "<group>"; };
		A434575A2BCB785B002799C5 /* Base */ = {isa = PBXFileReference; lastKnownFileType = file.storyboard; name = Base; path = Base.lproj/LaunchScreen.storyboard; sourceTree = "<group>"; };
		A434575C2BCB785B002799C5 /* Info.plist */ = {isa = PBXFileReference; lastKnownFileType = text.plist.xml; path = Info.plist; sourceTree = "<group>"; };
		A43457622BCB7996002799C5 /* UIFont+Extension.swift */ = {isa = PBXFileReference; fileEncoding = 4; lastKnownFileType = sourcecode.swift; path = "UIFont+Extension.swift"; sourceTree = "<group>"; };
		A43457642BCB7996002799C5 /* UIImageView+Extension.swift */ = {isa = PBXFileReference; fileEncoding = 4; lastKnownFileType = sourcecode.swift; path = "UIImageView+Extension.swift"; sourceTree = "<group>"; };
		A43457662BCB7996002799C5 /* String+Extension.swift */ = {isa = PBXFileReference; fileEncoding = 4; lastKnownFileType = sourcecode.swift; path = "String+Extension.swift"; sourceTree = "<group>"; };
		A43457682BCB7996002799C5 /* UITextField+Extension.swift */ = {isa = PBXFileReference; fileEncoding = 4; lastKnownFileType = sourcecode.swift; path = "UITextField+Extension.swift"; sourceTree = "<group>"; };
		A434576A2BCB7996002799C5 /* UIVIew+Extension.swift */ = {isa = PBXFileReference; fileEncoding = 4; lastKnownFileType = sourcecode.swift; path = "UIVIew+Extension.swift"; sourceTree = "<group>"; };
/* End PBXFileReference section */

/* Begin PBXFrameworksBuildPhase section */
		A43457482BCB7859002799C5 /* Frameworks */ = {
			isa = PBXFrameworksBuildPhase;
			buildActionMask = 2147483647;
			files = (
			);
			runOnlyForDeploymentPostprocessing = 0;
		};
/* End PBXFrameworksBuildPhase section */

/* Begin PBXGroup section */
		A43457422BCB7859002799C5 = {
			isa = PBXGroup;
			children = (
				A434574D2BCB7859002799C5 /* TheHappinessProject */,
				A434574C2BCB7859002799C5 /* Products */,
			);
			sourceTree = "<group>";
		};
		A434574C2BCB7859002799C5 /* Products */ = {
			isa = PBXGroup;
			children = (
				A434574B2BCB7859002799C5 /* TheHappinessProject.app */,
			);
			name = Products;
			sourceTree = "<group>";
		};
		A434574D2BCB7859002799C5 /* TheHappinessProject */ = {
			isa = PBXGroup;
			children = (
				A434576C2BCB7996002799C5 /* Extension */,
				A434574E2BCB7859002799C5 /* AppDelegate.swift */,
				A43457502BCB7859002799C5 /* SceneDelegate.swift */,
				A43457522BCB7859002799C5 /* ViewController.swift */,
				A43457542BCB7859002799C5 /* Main.storyboard */,
				A43457572BCB785B002799C5 /* Assets.xcassets */,
				A43457592BCB785B002799C5 /* LaunchScreen.storyboard */,
				A434575C2BCB785B002799C5 /* Info.plist */,
			);
			path = TheHappinessProject;
			sourceTree = "<group>";
		};
		A43457632BCB7996002799C5 /* Font */ = {
			isa = PBXGroup;
			children = (
				A43457622BCB7996002799C5 /* UIFont+Extension.swift */,
			);
			path = Font;
			sourceTree = "<group>";
		};
		A43457652BCB7996002799C5 /* ImageView */ = {
			isa = PBXGroup;
			children = (
				A43457642BCB7996002799C5 /* UIImageView+Extension.swift */,
			);
			path = ImageView;
			sourceTree = "<group>";
		};
		A43457672BCB7996002799C5 /* String */ = {
			isa = PBXGroup;
			children = (
				A43457662BCB7996002799C5 /* String+Extension.swift */,
			);
			path = String;
			sourceTree = "<group>";
		};
		A43457692BCB7996002799C5 /* TextField */ = {
			isa = PBXGroup;
			children = (
				A43457682BCB7996002799C5 /* UITextField+Extension.swift */,
			);
			path = TextField;
			sourceTree = "<group>";
		};
		A434576B2BCB7996002799C5 /* View */ = {
			isa = PBXGroup;
			children = (
				A434576A2BCB7996002799C5 /* UIVIew+Extension.swift */,
			);
			path = View;
			sourceTree = "<group>";
		};
		A434576C2BCB7996002799C5 /* Extension */ = {
			isa = PBXGroup;
			children = (
				A43457632BCB7996002799C5 /* Font */,
				A43457652BCB7996002799C5 /* ImageView */,
				A43457672BCB7996002799C5 /* String */,
				A43457692BCB7996002799C5 /* TextField */,
				A434576B2BCB7996002799C5 /* View */,
			);
			path = Extension;
			sourceTree = "<group>";
		};
/* End PBXGroup section */

/* Begin PBXNativeTarget section */
		A434574A2BCB7859002799C5 /* TheHappinessProject */ = {
			isa = PBXNativeTarget;
			buildConfigurationList = A434575F2BCB785B002799C5 /* Build configuration list for PBXNativeTarget "TheHappinessProject" */;
			buildPhases = (
				A43457472BCB7859002799C5 /* Sources */,
				A43457482BCB7859002799C5 /* Frameworks */,
				A43457492BCB7859002799C5 /* Resources */,
			);
			buildRules = (
			);
			dependencies = (
			);
			name = TheHappinessProject;
			productName = TheHappinessProject;
			productReference = A434574B2BCB7859002799C5 /* TheHappinessProject.app */;
			productType = "com.apple.product-type.application";
		};
/* End PBXNativeTarget section */

/* Begin PBXProject section */
		A43457432BCB7859002799C5 /* Project object */ = {
			isa = PBXProject;
			attributes = {
				BuildIndependentTargetsInParallel = 1;
				LastSwiftUpdateCheck = 1530;
				LastUpgradeCheck = 1530;
				TargetAttributes = {
					A434574A2BCB7859002799C5 = {
						CreatedOnToolsVersion = 15.3;
					};
				};
			};
			buildConfigurationList = A43457462BCB7859002799C5 /* Build configuration list for PBXProject "TheHappinessProject" */;
			compatibilityVersion = "Xcode 14.0";
			developmentRegion = en;
			hasScannedForEncodings = 0;
			knownRegions = (
				en,
				Base,
			);
			mainGroup = A43457422BCB7859002799C5;
			productRefGroup = A434574C2BCB7859002799C5 /* Products */;
			projectDirPath = "";
			projectRoot = "";
			targets = (
				A434574A2BCB7859002799C5 /* TheHappinessProject */,
			);
		};
/* End PBXProject section */

/* Begin PBXResourcesBuildPhase section */
		A43457492BCB7859002799C5 /* Resources */ = {
			isa = PBXResourcesBuildPhase;
			buildActionMask = 2147483647;
			files = (
				A43457582BCB785B002799C5 /* Assets.xcassets in Resources */,
				A434575B2BCB785B002799C5 /* Base in Resources */,
				A43457562BCB7859002799C5 /* Base in Resources */,
			);
			runOnlyForDeploymentPostprocessing = 0;
		};
/* End PBXResourcesBuildPhase section */

/* Begin PBXSourcesBuildPhase section */
		A43457472BCB7859002799C5 /* Sources */ = {
			isa = PBXSourcesBuildPhase;
			buildActionMask = 2147483647;
			files = (
				A434576E2BCB7996002799C5 /* UIImageView+Extension.swift in Sources */,
				A43457532BCB7859002799C5 /* ViewController.swift in Sources */,
				A43457712BCB7996002799C5 /* UIVIew+Extension.swift in Sources */,
				A43457702BCB7996002799C5 /* UITextField+Extension.swift in Sources */,
				A434574F2BCB7859002799C5 /* AppDelegate.swift in Sources */,
				A434576D2BCB7996002799C5 /* UIFont+Extension.swift in Sources */,
				A434576F2BCB7996002799C5 /* String+Extension.swift in Sources */,
				A43457512BCB7859002799C5 /* SceneDelegate.swift in Sources */,
			);
			runOnlyForDeploymentPostprocessing = 0;
		};
/* End PBXSourcesBuildPhase section */

/* Begin PBXVariantGroup section */
		A43457542BCB7859002799C5 /* Main.storyboard */ = {
			isa = PBXVariantGroup;
			children = (
				A43457552BCB7859002799C5 /* Base */,
			);
			name = Main.storyboard;
			sourceTree = "<group>";
		};
		A43457592BCB785B002799C5 /* LaunchScreen.storyboard */ = {
			isa = PBXVariantGroup;
			children = (
				A434575A2BCB785B002799C5 /* Base */,
			);
			name = LaunchScreen.storyboard;
			sourceTree = "<group>";
		};
/* End PBXVariantGroup section */

/* Begin XCBuildConfiguration section */
		A434575D2BCB785B002799C5 /* Debug */ = {
			isa = XCBuildConfiguration;
			buildSettings = {
				ALWAYS_SEARCH_USER_PATHS = NO;
				ASSETCATALOG_COMPILER_GENERATE_SWIFT_ASSET_SYMBOL_EXTENSIONS = YES;
				CLANG_ANALYZER_NONNULL = YES;
				CLANG_ANALYZER_NUMBER_OBJECT_CONVERSION = YES_AGGRESSIVE;
				CLANG_CXX_LANGUAGE_STANDARD = "gnu++20";
				CLANG_ENABLE_MODULES = YES;
				CLANG_ENABLE_OBJC_ARC = YES;
				CLANG_ENABLE_OBJC_WEAK = YES;
				CLANG_WARN_BLOCK_CAPTURE_AUTORELEASING = YES;
				CLANG_WARN_BOOL_CONVERSION = YES;
				CLANG_WARN_COMMA = YES;
				CLANG_WARN_CONSTANT_CONVERSION = YES;
				CLANG_WARN_DEPRECATED_OBJC_IMPLEMENTATIONS = YES;
				CLANG_WARN_DIRECT_OBJC_ISA_USAGE = YES_ERROR;
				CLANG_WARN_DOCUMENTATION_COMMENTS = YES;
				CLANG_WARN_EMPTY_BODY = YES;
				CLANG_WARN_ENUM_CONVERSION = YES;
				CLANG_WARN_INFINITE_RECURSION = YES;
				CLANG_WARN_INT_CONVERSION = YES;
				CLANG_WARN_NON_LITERAL_NULL_CONVERSION = YES;
				CLANG_WARN_OBJC_IMPLICIT_RETAIN_SELF = YES;
				CLANG_WARN_OBJC_LITERAL_CONVERSION = YES;
				CLANG_WARN_OBJC_ROOT_CLASS = YES_ERROR;
				CLANG_WARN_QUOTED_INCLUDE_IN_FRAMEWORK_HEADER = YES;
				CLANG_WARN_RANGE_LOOP_ANALYSIS = YES;
				CLANG_WARN_STRICT_PROTOTYPES = YES;
				CLANG_WARN_SUSPICIOUS_MOVE = YES;
				CLANG_WARN_UNGUARDED_AVAILABILITY = YES_AGGRESSIVE;
				CLANG_WARN_UNREACHABLE_CODE = YES;
				CLANG_WARN__DUPLICATE_METHOD_MATCH = YES;
				COPY_PHASE_STRIP = NO;
				DEBUG_INFORMATION_FORMAT = dwarf;
				ENABLE_STRICT_OBJC_MSGSEND = YES;
				ENABLE_TESTABILITY = YES;
				ENABLE_USER_SCRIPT_SANDBOXING = YES;
				GCC_C_LANGUAGE_STANDARD = gnu17;
				GCC_DYNAMIC_NO_PIC = NO;
				GCC_NO_COMMON_BLOCKS = YES;
				GCC_OPTIMIZATION_LEVEL = 0;
				GCC_PREPROCESSOR_DEFINITIONS = (
					"DEBUG=1",
					"$(inherited)",
				);
				GCC_WARN_64_TO_32_BIT_CONVERSION = YES;
				GCC_WARN_ABOUT_RETURN_TYPE = YES_ERROR;
				GCC_WARN_UNDECLARED_SELECTOR = YES;
				GCC_WARN_UNINITIALIZED_AUTOS = YES_AGGRESSIVE;
				GCC_WARN_UNUSED_FUNCTION = YES;
				GCC_WARN_UNUSED_VARIABLE = YES;
				IPHONEOS_DEPLOYMENT_TARGET = 15.0;
				LOCALIZATION_PREFERS_STRING_CATALOGS = YES;
				MTL_ENABLE_DEBUG_INFO = INCLUDE_SOURCE;
				MTL_FAST_MATH = YES;
				ONLY_ACTIVE_ARCH = YES;
				SDKROOT = iphoneos;
				SWIFT_ACTIVE_COMPILATION_CONDITIONS = "DEBUG $(inherited)";
				SWIFT_OPTIMIZATION_LEVEL = "-Onone";
			};
			name = Debug;
		};
		A434575E2BCB785B002799C5 /* Release */ = {
			isa = XCBuildConfiguration;
			buildSettings = {
				ALWAYS_SEARCH_USER_PATHS = NO;
				ASSETCATALOG_COMPILER_GENERATE_SWIFT_ASSET_SYMBOL_EXTENSIONS = YES;
				CLANG_ANALYZER_NONNULL = YES;
				CLANG_ANALYZER_NUMBER_OBJECT_CONVERSION = YES_AGGRESSIVE;
				CLANG_CXX_LANGUAGE_STANDARD = "gnu++20";
				CLANG_ENABLE_MODULES = YES;
				CLANG_ENABLE_OBJC_ARC = YES;
				CLANG_ENABLE_OBJC_WEAK = YES;
				CLANG_WARN_BLOCK_CAPTURE_AUTORELEASING = YES;
				CLANG_WARN_BOOL_CONVERSION = YES;
				CLANG_WARN_COMMA = YES;
				CLANG_WARN_CONSTANT_CONVERSION = YES;
				CLANG_WARN_DEPRECATED_OBJC_IMPLEMENTATIONS = YES;
				CLANG_WARN_DIRECT_OBJC_ISA_USAGE = YES_ERROR;
				CLANG_WARN_DOCUMENTATION_COMMENTS = YES;
				CLANG_WARN_EMPTY_BODY = YES;
				CLANG_WARN_ENUM_CONVERSION = YES;
				CLANG_WARN_INFINITE_RECURSION = YES;
				CLANG_WARN_INT_CONVERSION = YES;
				CLANG_WARN_NON_LITERAL_NULL_CONVERSION = YES;
				CLANG_WARN_OBJC_IMPLICIT_RETAIN_SELF = YES;
				CLANG_WARN_OBJC_LITERAL_CONVERSION = YES;
				CLANG_WARN_OBJC_ROOT_CLASS = YES_ERROR;
				CLANG_WARN_QUOTED_INCLUDE_IN_FRAMEWORK_HEADER = YES;
				CLANG_WARN_RANGE_LOOP_ANALYSIS = YES;
				CLANG_WARN_STRICT_PROTOTYPES = YES;
				CLANG_WARN_SUSPICIOUS_MOVE = YES;
				CLANG_WARN_UNGUARDED_AVAILABILITY = YES_AGGRESSIVE;
				CLANG_WARN_UNREACHABLE_CODE = YES;
				CLANG_WARN__DUPLICATE_METHOD_MATCH = YES;
				COPY_PHASE_STRIP = NO;
				DEBUG_INFORMATION_FORMAT = "dwarf-with-dsym";
				ENABLE_NS_ASSERTIONS = NO;
				ENABLE_STRICT_OBJC_MSGSEND = YES;
				ENABLE_USER_SCRIPT_SANDBOXING = YES;
				GCC_C_LANGUAGE_STANDARD = gnu17;
				GCC_NO_COMMON_BLOCKS = YES;
				GCC_WARN_64_TO_32_BIT_CONVERSION = YES;
				GCC_WARN_ABOUT_RETURN_TYPE = YES_ERROR;
				GCC_WARN_UNDECLARED_SELECTOR = YES;
				GCC_WARN_UNINITIALIZED_AUTOS = YES_AGGRESSIVE;
				GCC_WARN_UNUSED_FUNCTION = YES;
				GCC_WARN_UNUSED_VARIABLE = YES;
				IPHONEOS_DEPLOYMENT_TARGET = 15.0;
				LOCALIZATION_PREFERS_STRING_CATALOGS = YES;
				MTL_ENABLE_DEBUG_INFO = NO;
				MTL_FAST_MATH = YES;
				SDKROOT = iphoneos;
				SWIFT_COMPILATION_MODE = wholemodule;
				VALIDATE_PRODUCT = YES;
			};
			name = Release;
		};
		A43457602BCB785B002799C5 /* Debug */ = {
			isa = XCBuildConfiguration;
			buildSettings = {
				ASSETCATALOG_COMPILER_APPICON_NAME = AppIcon;
				ASSETCATALOG_COMPILER_GLOBAL_ACCENT_COLOR_NAME = AccentColor;
				CODE_SIGN_STYLE = Automatic;
				CURRENT_PROJECT_VERSION = 1;
				DEVELOPMENT_TEAM = T2SGY3LL4V;
				GENERATE_INFOPLIST_FILE = YES;
				INFOPLIST_FILE = TheHappinessProject/Info.plist;
				INFOPLIST_KEY_UIApplicationSupportsIndirectInputEvents = YES;
				INFOPLIST_KEY_UILaunchStoryboardName = LaunchScreen;
				INFOPLIST_KEY_UIMainStoryboardFile = Main;
				INFOPLIST_KEY_UISupportedInterfaceOrientations = UIInterfaceOrientationPortrait;
				IPHONEOS_DEPLOYMENT_TARGET = 15.0;
				LD_RUNPATH_SEARCH_PATHS = (
					"$(inherited)",
					"@executable_path/Frameworks",
				);
				MARKETING_VERSION = 1.0;
				PRODUCT_BUNDLE_IDENTIFIER = com.TheHappinessProject;
				PRODUCT_NAME = "$(TARGET_NAME)";
				SUPPORTED_PLATFORMS = "iphoneos iphonesimulator";
				SUPPORTS_MACCATALYST = NO;
				SUPPORTS_MAC_DESIGNED_FOR_IPHONE_IPAD = NO;
				SUPPORTS_XR_DESIGNED_FOR_IPHONE_IPAD = NO;
				SWIFT_EMIT_LOC_STRINGS = YES;
				SWIFT_VERSION = 5.0;
				TARGETED_DEVICE_FAMILY = "1,2";
			};
			name = Debug;
		};
		A43457612BCB785B002799C5 /* Release */ = {
			isa = XCBuildConfiguration;
			buildSettings = {
				ASSETCATALOG_COMPILER_APPICON_NAME = AppIcon;
				ASSETCATALOG_COMPILER_GLOBAL_ACCENT_COLOR_NAME = AccentColor;
				CODE_SIGN_STYLE = Automatic;
				CURRENT_PROJECT_VERSION = 1;
				DEVELOPMENT_TEAM = T2SGY3LL4V;
				GENERATE_INFOPLIST_FILE = YES;
				INFOPLIST_FILE = TheHappinessProject/Info.plist;
				INFOPLIST_KEY_UIApplicationSupportsIndirectInputEvents = YES;
				INFOPLIST_KEY_UILaunchStoryboardName = LaunchScreen;
				INFOPLIST_KEY_UIMainStoryboardFile = Main;
				INFOPLIST_KEY_UISupportedInterfaceOrientations = UIInterfaceOrientationPortrait;
				IPHONEOS_DEPLOYMENT_TARGET = 15.0;
				LD_RUNPATH_SEARCH_PATHS = (
					"$(inherited)",
					"@executable_path/Frameworks",
				);
				MARKETING_VERSION = 1.0;
				PRODUCT_BUNDLE_IDENTIFIER = com.TheHappinessProject;
				PRODUCT_NAME = "$(TARGET_NAME)";
				SUPPORTED_PLATFORMS = "iphoneos iphonesimulator";
				SUPPORTS_MACCATALYST = NO;
				SUPPORTS_MAC_DESIGNED_FOR_IPHONE_IPAD = NO;
				SUPPORTS_XR_DESIGNED_FOR_IPHONE_IPAD = NO;
				SWIFT_EMIT_LOC_STRINGS = YES;
				SWIFT_VERSION = 5.0;
				TARGETED_DEVICE_FAMILY = "1,2";
			};
			name = Release;
		};
/* End XCBuildConfiguration section */

/* Begin XCConfigurationList section */
		A43457462BCB7859002799C5 /* Build configuration list for PBXProject "TheHappinessProject" */ = {
			isa = XCConfigurationList;
			buildConfigurations = (
				A434575D2BCB785B002799C5 /* Debug */,
				A434575E2BCB785B002799C5 /* Release */,
			);
			defaultConfigurationIsVisible = 0;
			defaultConfigurationName = Release;
		};
		A434575F2BCB785B002799C5 /* Build configuration list for PBXNativeTarget "TheHappinessProject" */ = {
			isa = XCConfigurationList;
			buildConfigurations = (
				A43457602BCB785B002799C5 /* Debug */,
				A43457612BCB785B002799C5 /* Release */,
			);
			defaultConfigurationIsVisible = 0;
			defaultConfigurationName = Release;
		};
/* End XCConfigurationList section */
	};
	rootObject = A43457432BCB7859002799C5 /* Project object */;
}
