// !$*UTF8*$!
{
	archiveVersion = 1;
	classes = {
	};
	objectVersion = 56;
	objects = {

/* Begin PBXBuildFile section */
		A434574F2BCB7859002799C5 /* AppDelegate.swift in Sources */ = {isa = PBXBuildFile; fileRef = A434574E2BCB7859002799C5 /* AppDelegate.swift */; };
		A43457512BCB7859002799C5 /* SceneDelegate.swift in Sources */ = {isa = PBXBuildFile; fileRef = A43457502BCB7859002799C5 /* SceneDelegate.swift */; };
		A43457532BCB7859002799C5 /* ViewController.swift in Sources */ = {isa = PBXBuildFile; fileRef = A43457522BCB7859002799C5 /* ViewController.swift */; };
		A43457562BCB7859002799C5 /* Base in Resources */ = {isa = PBXBuildFile; fileRef = A43457552BCB7859002799C5 /* Base */; };
		A43457582BCB785B002799C5 /* Assets.xcassets in Resources */ = {isa = PBXBuildFile; fileRef = A43457572BCB785B002799C5 /* Assets.xcassets */; };
		A434575B2BCB785B002799C5 /* Base in Resources */ = {isa = PBXBuildFile; fileRef = A434575A2BCB785B002799C5 /* Base */; };
		A434576D2BCB7996002799C5 /* UIFont+Extension.swift in Sources */ = {isa = PBXBuildFile; fileRef = A43457622BCB7996002799C5 /* UIFont+Extension.swift */; };
		A434576E2BCB7996002799C5 /* UIImageView+Extension.swift in Sources */ = {isa = PBXBuildFile; fileRef = A43457642BCB7996002799C5 /* UIImageView+Extension.swift */; };
		A434576F2BCB7996002799C5 /* String+Extension.swift in Sources */ = {isa = PBXBuildFile; fileRef = A43457662BCB7996002799C5 /* String+Extension.swift */; };
		A43457702BCB7996002799C5 /* UITextField+Extension.swift in Sources */ = {isa = PBXBuildFile; fileRef = A43457682BCB7996002799C5 /* UITextField+Extension.swift */; };
		A43457712BCB7996002799C5 /* UIVIew+Extension.swift in Sources */ = {isa = PBXBuildFile; fileRef = A434576A2BCB7996002799C5 /* UIVIew+Extension.swift */; };
		A43457762BCB7A43002799C5 /* THPServiceManager.swift in Sources */ = {isa = PBXBuildFile; fileRef = A43457722BCB7A42002799C5 /* THPServiceManager.swift */; };
		A43457772BCB7A43002799C5 /* THPUrlConfiguration.swift in Sources */ = {isa = PBXBuildFile; fileRef = A43457732BCB7A42002799C5 /* THPUrlConfiguration.swift */; };
		A43457782BCB7A43002799C5 /* THPUrls.swift in Sources */ = {isa = PBXBuildFile; fileRef = A43457742BCB7A42002799C5 /* THPUrls.swift */; };
		A43457AF2BCB7ABC002799C5 /* THPCategoriesInteractor.swift in Sources */ = {isa = PBXBuildFile; fileRef = A43457792BCB7ABC002799C5 /* THPCategoriesInteractor.swift */; };
		A43457B02BCB7ABC002799C5 /* THPCategoriesPresenter.swift in Sources */ = {isa = PBXBuildFile; fileRef = A434577B2BCB7ABC002799C5 /* THPCategoriesPresenter.swift */; };
		A43457B12BCB7ABC002799C5 /* THPCategoriesProtocols.swift in Sources */ = {isa = PBXBuildFile; fileRef = A434577D2BCB7ABC002799C5 /* THPCategoriesProtocols.swift */; };
		A43457B22BCB7ABC002799C5 /* THPCategoriesRouter.swift in Sources */ = {isa = PBXBuildFile; fileRef = A434577F2BCB7ABC002799C5 /* THPCategoriesRouter.swift */; };
		A43457B32BCB7ABC002799C5 /* THPCategoriesVC+Extension.swift in Sources */ = {isa = PBXBuildFile; fileRef = A43457812BCB7ABC002799C5 /* THPCategoriesVC+Extension.swift */; };
		A43457B42BCB7ABC002799C5 /* THPCategoriesViewController.swift in Sources */ = {isa = PBXBuildFile; fileRef = A43457822BCB7ABC002799C5 /* THPCategoriesViewController.swift */; };
		A43457B52BCB7ABC002799C5 /* THPCategoriesViewController.xib in Resources */ = {isa = PBXBuildFile; fileRef = A43457832BCB7ABC002799C5 /* THPCategoriesViewController.xib */; };
		A43457B62BCB7ABC002799C5 /* THPLoginInteractor.swift in Sources */ = {isa = PBXBuildFile; fileRef = A43457862BCB7ABC002799C5 /* THPLoginInteractor.swift */; };
		A43457B72BCB7ABC002799C5 /* THPLoginPresenter.swift in Sources */ = {isa = PBXBuildFile; fileRef = A43457882BCB7ABC002799C5 /* THPLoginPresenter.swift */; };
		A43457B82BCB7ABC002799C5 /* THPLoginProtocols.swift in Sources */ = {isa = PBXBuildFile; fileRef = A434578A2BCB7ABC002799C5 /* THPLoginProtocols.swift */; };
		A43457B92BCB7ABC002799C5 /* THPLoginRouter.swift in Sources */ = {isa = PBXBuildFile; fileRef = A434578C2BCB7ABC002799C5 /* THPLoginRouter.swift */; };
		A43457BA2BCB7ABC002799C5 /* THPLoginViewController.swift in Sources */ = {isa = PBXBuildFile; fileRef = A434578E2BCB7ABC002799C5 /* THPLoginViewController.swift */; };
		A43457BB2BCB7ABC002799C5 /* THPLoginViewController.xib in Resources */ = {isa = PBXBuildFile; fileRef = A434578F2BCB7ABC002799C5 /* THPLoginViewController.xib */; };
		A43457BC2BCB7ABC002799C5 /* THPOurProductsInteractor.swift in Sources */ = {isa = PBXBuildFile; fileRef = A43457922BCB7ABC002799C5 /* THPOurProductsInteractor.swift */; };
		A43457BD2BCB7ABC002799C5 /* THPOurProductsPresenter.swift in Sources */ = {isa = PBXBuildFile; fileRef = A43457942BCB7ABC002799C5 /* THPOurProductsPresenter.swift */; };
		A43457BE2BCB7ABC002799C5 /* THPOurProductsProtocols.swift in Sources */ = {isa = PBXBuildFile; fileRef = A43457962BCB7ABC002799C5 /* THPOurProductsProtocols.swift */; };
		A43457BF2BCB7ABC002799C5 /* THPOurProductsRouter.swift in Sources */ = {isa = PBXBuildFile; fileRef = A43457982BCB7ABC002799C5 /* THPOurProductsRouter.swift */; };
		A43457C02BCB7ABC002799C5 /* THPOurProductsVC+Extension.swift in Sources */ = {isa = PBXBuildFile; fileRef = A434579A2BCB7ABC002799C5 /* THPOurProductsVC+Extension.swift */; };
		A43457C12BCB7ABC002799C5 /* THPOurProductsViewController.swift in Sources */ = {isa = PBXBuildFile; fileRef = A434579B2BCB7ABC002799C5 /* THPOurProductsViewController.swift */; };
		A43457C22BCB7ABC002799C5 /* THPOurProductsViewController.xib in Resources */ = {isa = PBXBuildFile; fileRef = A434579C2BCB7ABC002799C5 /* THPOurProductsViewController.xib */; };
		A43457C32BCB7ABC002799C5 /* THPTabBarController.swift in Sources */ = {isa = PBXBuildFile; fileRef = A434579F2BCB7ABC002799C5 /* THPTabBarController.swift */; };
		A43457C42BCB7ABC002799C5 /* THPWelcomeInteractor.swift in Sources */ = {isa = PBXBuildFile; fileRef = A43457A12BCB7ABC002799C5 /* THPWelcomeInteractor.swift */; };
		A43457C52BCB7ABC002799C5 /* THPWelcomePresenter.swift in Sources */ = {isa = PBXBuildFile; fileRef = A43457A32BCB7ABC002799C5 /* THPWelcomePresenter.swift */; };
		A43457C62BCB7ABC002799C5 /* THPWelcomeProtocols.swift in Sources */ = {isa = PBXBuildFile; fileRef = A43457A52BCB7ABC002799C5 /* THPWelcomeProtocols.swift */; };
		A43457C72BCB7ABC002799C5 /* THPWelcomeRouter.swift in Sources */ = {isa = PBXBuildFile; fileRef = A43457A72BCB7ABC002799C5 /* THPWelcomeRouter.swift */; };
		A43457C82BCB7ABC002799C5 /* THPWelcomeVC+Extension.swift in Sources */ = {isa = PBXBuildFile; fileRef = A43457A92BCB7ABC002799C5 /* THPWelcomeVC+Extension.swift */; };
		A43457C92BCB7ABC002799C5 /* THPWelcomeViewController.swift in Sources */ = {isa = PBXBuildFile; fileRef = A43457AA2BCB7ABC002799C5 /* THPWelcomeViewController.swift */; };
		A43457CA2BCB7ABC002799C5 /* THPWelcomeViewController.xib in Resources */ = {isa = PBXBuildFile; fileRef = A43457AB2BCB7ABC002799C5 /* THPWelcomeViewController.xib */; };
		A43457DF2BCB7B1D002799C5 /* CategoriesCollectionViewCell.swift in Sources */ = {isa = PBXBuildFile; fileRef = A43457CB2BCB7B1D002799C5 /* CategoriesCollectionViewCell.swift */; };
		A43457E02BCB7B1D002799C5 /* CategoriesCollectionViewCell.xib in Resources */ = {isa = PBXBuildFile; fileRef = A43457CC2BCB7B1D002799C5 /* CategoriesCollectionViewCell.xib */; };
		A43457E12BCB7B1D002799C5 /* OurProductsCollectionViewCell.swift in Sources */ = {isa = PBXBuildFile; fileRef = A43457CE2BCB7B1D002799C5 /* OurProductsCollectionViewCell.swift */; };
		A43457E22BCB7B1D002799C5 /* OurProductsCollectionViewCell.xib in Resources */ = {isa = PBXBuildFile; fileRef = A43457CF2BCB7B1D002799C5 /* OurProductsCollectionViewCell.xib */; };
		A43457E32BCB7B1D002799C5 /* THPOverviewViewController.swift in Sources */ = {isa = PBXBuildFile; fileRef = A43457D32BCB7B1D002799C5 /* THPOverviewViewController.swift */; };
		A43457E42BCB7B1D002799C5 /* THPOverviewViewController.xib in Resources */ = {isa = PBXBuildFile; fileRef = A43457D42BCB7B1D002799C5 /* THPOverviewViewController.xib */; };
		A43457E52BCB7B1D002799C5 /* THPLoginNSignUpViewController.swift in Sources */ = {isa = PBXBuildFile; fileRef = A43457D62BCB7B1D002799C5 /* THPLoginNSignUpViewController.swift */; };
		A43457E62BCB7B1D002799C5 /* THPLoginNSignUpViewController.xib in Resources */ = {isa = PBXBuildFile; fileRef = A43457D72BCB7B1D002799C5 /* THPLoginNSignUpViewController.xib */; };
		A43457E72BCB7B1D002799C5 /* THPCategoriesTableViewCell.swift in Sources */ = {isa = PBXBuildFile; fileRef = A43457D92BCB7B1D002799C5 /* THPCategoriesTableViewCell.swift */; };
		A43457E82BCB7B1D002799C5 /* THPCategoriesTableViewCell.xib in Resources */ = {isa = PBXBuildFile; fileRef = A43457DA2BCB7B1D002799C5 /* THPCategoriesTableViewCell.xib */; };
/* End PBXBuildFile section */

/* Begin PBXFileReference section */
		A434574B2BCB7859002799C5 /* TheHappinessProject.app */ = {isa = PBXFileReference; explicitFileType = wrapper.application; includeInIndex = 0; path = TheHappinessProject.app; sourceTree = BUILT_PRODUCTS_DIR; };
		A434574E2BCB7859002799C5 /* AppDelegate.swift */ = {isa = PBXFileReference; lastKnownFileType = sourcecode.swift; path = AppDelegate.swift; sourceTree = "<group>"; };
		A43457502BCB7859002799C5 /* SceneDelegate.swift */ = {isa = PBXFileReference; lastKnownFileType = sourcecode.swift; path = SceneDelegate.swift; sourceTree = "<group>"; };
		A43457522BCB7859002799C5 /* ViewController.swift */ = {isa = PBXFileReference; lastKnownFileType = sourcecode.swift; path = ViewController.swift; sourceTree = "<group>"; };
		A43457552BCB7859002799C5 /* Base */ = {isa = PBXFileReference; lastKnownFileType = file.storyboard; name = Base; path = Base.lproj/Main.storyboard; sourceTree = "<group>"; };
		A43457572BCB785B002799C5 /* Assets.xcassets */ = {isa = PBXFileReference; lastKnownFileType = folder.assetcatalog; path = Assets.xcassets; sourceTree = "<group>"; };
		A434575A2BCB785B002799C5 /* Base */ = {isa = PBXFileReference; lastKnownFileType = file.storyboard; name = Base; path = Base.lproj/LaunchScreen.storyboard; sourceTree = "<group>"; };
		A434575C2BCB785B002799C5 /* Info.plist */ = {isa = PBXFileReference; lastKnownFileType = text.plist.xml; path = Info.plist; sourceTree = "<group>"; };
		A43457622BCB7996002799C5 /* UIFont+Extension.swift */ = {isa = PBXFileReference; fileEncoding = 4; lastKnownFileType = sourcecode.swift; path = "UIFont+Extension.swift"; sourceTree = "<group>"; };
		A43457642BCB7996002799C5 /* UIImageView+Extension.swift */ = {isa = PBXFileReference; fileEncoding = 4; lastKnownFileType = sourcecode.swift; path = "UIImageView+Extension.swift"; sourceTree = "<group>"; };
		A43457662BCB7996002799C5 /* String+Extension.swift */ = {isa = PBXFileReference; fileEncoding = 4; lastKnownFileType = sourcecode.swift; path = "String+Extension.swift"; sourceTree = "<group>"; };
		A43457682BCB7996002799C5 /* UITextField+Extension.swift */ = {isa = PBXFileReference; fileEncoding = 4; lastKnownFileType = sourcecode.swift; path = "UITextField+Extension.swift"; sourceTree = "<group>"; };
		A434576A2BCB7996002799C5 /* UIVIew+Extension.swift */ = {isa = PBXFileReference; fileEncoding = 4; lastKnownFileType = sourcecode.swift; path = "UIVIew+Extension.swift"; sourceTree = "<group>"; };
		A43457722BCB7A42002799C5 /* THPServiceManager.swift */ = {isa = PBXFileReference; fileEncoding = 4; lastKnownFileType = sourcecode.swift; path = THPServiceManager.swift; sourceTree = "<group>"; };
		A43457732BCB7A42002799C5 /* THPUrlConfiguration.swift */ = {isa = PBXFileReference; fileEncoding = 4; lastKnownFileType = sourcecode.swift; path = THPUrlConfiguration.swift; sourceTree = "<group>"; };
		A43457742BCB7A42002799C5 /* THPUrls.swift */ = {isa = PBXFileReference; fileEncoding = 4; lastKnownFileType = sourcecode.swift; path = THPUrls.swift; sourceTree = "<group>"; };
		A43457792BCB7ABC002799C5 /* THPCategoriesInteractor.swift */ = {isa = PBXFileReference; fileEncoding = 4; lastKnownFileType = sourcecode.swift; path = THPCategoriesInteractor.swift; sourceTree = "<group>"; };
		A434577B2BCB7ABC002799C5 /* THPCategoriesPresenter.swift */ = {isa = PBXFileReference; fileEncoding = 4; lastKnownFileType = sourcecode.swift; path = THPCategoriesPresenter.swift; sourceTree = "<group>"; };
		A434577D2BCB7ABC002799C5 /* THPCategoriesProtocols.swift */ = {isa = PBXFileReference; fileEncoding = 4; lastKnownFileType = sourcecode.swift; path = THPCategoriesProtocols.swift; sourceTree = "<group>"; };
		A434577F2BCB7ABC002799C5 /* THPCategoriesRouter.swift */ = {isa = PBXFileReference; fileEncoding = 4; lastKnownFileType = sourcecode.swift; path = THPCategoriesRouter.swift; sourceTree = "<group>"; };
		A43457812BCB7ABC002799C5 /* THPCategoriesVC+Extension.swift */ = {isa = PBXFileReference; fileEncoding = 4; lastKnownFileType = sourcecode.swift; path = "THPCategoriesVC+Extension.swift"; sourceTree = "<group>"; };
		A43457822BCB7ABC002799C5 /* THPCategoriesViewController.swift */ = {isa = PBXFileReference; fileEncoding = 4; lastKnownFileType = sourcecode.swift; path = THPCategoriesViewController.swift; sourceTree = "<group>"; };
		A43457832BCB7ABC002799C5 /* THPCategoriesViewController.xib */ = {isa = PBXFileReference; fileEncoding = 4; lastKnownFileType = file.xib; path = THPCategoriesViewController.xib; sourceTree = "<group>"; };
		A43457862BCB7ABC002799C5 /* THPLoginInteractor.swift */ = {isa = PBXFileReference; fileEncoding = 4; lastKnownFileType = sourcecode.swift; path = THPLoginInteractor.swift; sourceTree = "<group>"; };
		A43457882BCB7ABC002799C5 /* THPLoginPresenter.swift */ = {isa = PBXFileReference; fileEncoding = 4; lastKnownFileType = sourcecode.swift; path = THPLoginPresenter.swift; sourceTree = "<group>"; };
		A434578A2BCB7ABC002799C5 /* THPLoginProtocols.swift */ = {isa = PBXFileReference; fileEncoding = 4; lastKnownFileType = sourcecode.swift; path = THPLoginProtocols.swift; sourceTree = "<group>"; };
		A434578C2BCB7ABC002799C5 /* THPLoginRouter.swift */ = {isa = PBXFileReference; fileEncoding = 4; lastKnownFileType = sourcecode.swift; path = THPLoginRouter.swift; sourceTree = "<group>"; };
		A434578E2BCB7ABC002799C5 /* THPLoginViewController.swift */ = {isa = PBXFileReference; fileEncoding = 4; lastKnownFileType = sourcecode.swift; path = THPLoginViewController.swift; sourceTree = "<group>"; };
		A434578F2BCB7ABC002799C5 /* THPLoginViewController.xib */ = {isa = PBXFileReference; fileEncoding = 4; lastKnownFileType = file.xib; path = THPLoginViewController.xib; sourceTree = "<group>"; };
		A43457922BCB7ABC002799C5 /* THPOurProductsInteractor.swift */ = {isa = PBXFileReference; fileEncoding = 4; lastKnownFileType = sourcecode.swift; path = THPOurProductsInteractor.swift; sourceTree = "<group>"; };
		A43457942BCB7ABC002799C5 /* THPOurProductsPresenter.swift */ = {isa = PBXFileReference; fileEncoding = 4; lastKnownFileType = sourcecode.swift; path = THPOurProductsPresenter.swift; sourceTree = "<group>"; };
		A43457962BCB7ABC002799C5 /* THPOurProductsProtocols.swift */ = {isa = PBXFileReference; fileEncoding = 4; lastKnownFileType = sourcecode.swift; path = THPOurProductsProtocols.swift; sourceTree = "<group>"; };
		A43457982BCB7ABC002799C5 /* THPOurProductsRouter.swift */ = {isa = PBXFileReference; fileEncoding = 4; lastKnownFileType = sourcecode.swift; path = THPOurProductsRouter.swift; sourceTree = "<group>"; };
		A434579A2BCB7ABC002799C5 /* THPOurProductsVC+Extension.swift */ = {isa = PBXFileReference; fileEncoding = 4; lastKnownFileType = sourcecode.swift; path = "THPOurProductsVC+Extension.swift"; sourceTree = "<group>"; };
		A434579B2BCB7ABC002799C5 /* THPOurProductsViewController.swift */ = {isa = PBXFileReference; fileEncoding = 4; lastKnownFileType = sourcecode.swift; path = THPOurProductsViewController.swift; sourceTree = "<group>"; };
		A434579C2BCB7ABC002799C5 /* THPOurProductsViewController.xib */ = {isa = PBXFileReference; fileEncoding = 4; lastKnownFileType = file.xib; path = THPOurProductsViewController.xib; sourceTree = "<group>"; };
		A434579F2BCB7ABC002799C5 /* THPTabBarController.swift */ = {isa = PBXFileReference; fileEncoding = 4; lastKnownFileType = sourcecode.swift; path = THPTabBarController.swift; sourceTree = "<group>"; };
		A43457A12BCB7ABC002799C5 /* THPWelcomeInteractor.swift */ = {isa = PBXFileReference; fileEncoding = 4; lastKnownFileType = sourcecode.swift; path = THPWelcomeInteractor.swift; sourceTree = "<group>"; };
		A43457A32BCB7ABC002799C5 /* THPWelcomePresenter.swift */ = {isa = PBXFileReference; fileEncoding = 4; lastKnownFileType = sourcecode.swift; path = THPWelcomePresenter.swift; sourceTree = "<group>"; };
		A43457A52BCB7ABC002799C5 /* THPWelcomeProtocols.swift */ = {isa = PBXFileReference; fileEncoding = 4; lastKnownFileType = sourcecode.swift; path = THPWelcomeProtocols.swift; sourceTree = "<group>"; };
		A43457A72BCB7ABC002799C5 /* THPWelcomeRouter.swift */ = {isa = PBXFileReference; fileEncoding = 4; lastKnownFileType = sourcecode.swift; path = THPWelcomeRouter.swift; sourceTree = "<group>"; };
		A43457A92BCB7ABC002799C5 /* THPWelcomeVC+Extension.swift */ = {isa = PBXFileReference; fileEncoding = 4; lastKnownFileType = sourcecode.swift; path = "THPWelcomeVC+Extension.swift"; sourceTree = "<group>"; };
		A43457AA2BCB7ABC002799C5 /* THPWelcomeViewController.swift */ = {isa = PBXFileReference; fileEncoding = 4; lastKnownFileType = sourcecode.swift; path = THPWelcomeViewController.swift; sourceTree = "<group>"; };
		A43457AB2BCB7ABC002799C5 /* THPWelcomeViewController.xib */ = {isa = PBXFileReference; fileEncoding = 4; lastKnownFileType = file.xib; path = THPWelcomeViewController.xib; sourceTree = "<group>"; };
		A43457CB2BCB7B1D002799C5 /* CategoriesCollectionViewCell.swift */ = {isa = PBXFileReference; fileEncoding = 4; lastKnownFileType = sourcecode.swift; path = CategoriesCollectionViewCell.swift; sourceTree = "<group>"; };
		A43457CC2BCB7B1D002799C5 /* CategoriesCollectionViewCell.xib */ = {isa = PBXFileReference; fileEncoding = 4; lastKnownFileType = file.xib; path = CategoriesCollectionViewCell.xib; sourceTree = "<group>"; };
		A43457CE2BCB7B1D002799C5 /* OurProductsCollectionViewCell.swift */ = {isa = PBXFileReference; fileEncoding = 4; lastKnownFileType = sourcecode.swift; path = OurProductsCollectionViewCell.swift; sourceTree = "<group>"; };
		A43457CF2BCB7B1D002799C5 /* OurProductsCollectionViewCell.xib */ = {isa = PBXFileReference; fileEncoding = 4; lastKnownFileType = file.xib; path = OurProductsCollectionViewCell.xib; sourceTree = "<group>"; };
		A43457D32BCB7B1D002799C5 /* THPOverviewViewController.swift */ = {isa = PBXFileReference; fileEncoding = 4; lastKnownFileType = sourcecode.swift; path = THPOverviewViewController.swift; sourceTree = "<group>"; };
		A43457D42BCB7B1D002799C5 /* THPOverviewViewController.xib */ = {isa = PBXFileReference; fileEncoding = 4; lastKnownFileType = file.xib; path = THPOverviewViewController.xib; sourceTree = "<group>"; };
		A43457D62BCB7B1D002799C5 /* THPLoginNSignUpViewController.swift */ = {isa = PBXFileReference; fileEncoding = 4; lastKnownFileType = sourcecode.swift; path = THPLoginNSignUpViewController.swift; sourceTree = "<group>"; };
		A43457D72BCB7B1D002799C5 /* THPLoginNSignUpViewController.xib */ = {isa = PBXFileReference; fileEncoding = 4; lastKnownFileType = file.xib; path = THPLoginNSignUpViewController.xib; sourceTree = "<group>"; };
		A43457D92BCB7B1D002799C5 /* THPCategoriesTableViewCell.swift */ = {isa = PBXFileReference; fileEncoding = 4; lastKnownFileType = sourcecode.swift; path = THPCategoriesTableViewCell.swift; sourceTree = "<group>"; };
		A43457DA2BCB7B1D002799C5 /* THPCategoriesTableViewCell.xib */ = {isa = PBXFileReference; fileEncoding = 4; lastKnownFileType = file.xib; path = THPCategoriesTableViewCell.xib; sourceTree = "<group>"; };
/* End PBXFileReference section */

/* Begin PBXFrameworksBuildPhase section */
		A43457482BCB7859002799C5 /* Frameworks */ = {
			isa = PBXFrameworksBuildPhase;
			buildActionMask = 2147483647;
			files = (
			);
			runOnlyForDeploymentPostprocessing = 0;
		};
/* End PBXFrameworksBuildPhase section */

/* Begin PBXGroup section */
		A43457422BCB7859002799C5 = {
			isa = PBXGroup;
			children = (
				A434574D2BCB7859002799C5 /* TheHappinessProject */,
				A434574C2BCB7859002799C5 /* Products */,
			);
			sourceTree = "<group>";
		};
		A434574C2BCB7859002799C5 /* Products */ = {
			isa = PBXGroup;
			children = (
				A434574B2BCB7859002799C5 /* TheHappinessProject.app */,
			);
			name = Products;
			sourceTree = "<group>";
		};
		A434574D2BCB7859002799C5 /* TheHappinessProject */ = {
			isa = PBXGroup;
			children = (
				A434576C2BCB7996002799C5 /* Extension */,
				A43457752BCB7A42002799C5 /* Networking */,
				A43457AE2BCB7ABC002799C5 /* Modules */,
				A43457DE2BCB7B1D002799C5 /* View */,
				A434574E2BCB7859002799C5 /* AppDelegate.swift */,
				A43457502BCB7859002799C5 /* SceneDelegate.swift */,
				A43457522BCB7859002799C5 /* ViewController.swift */,
				A43457542BCB7859002799C5 /* Main.storyboard */,
				A43457572BCB785B002799C5 /* Assets.xcassets */,
				A43457592BCB785B002799C5 /* LaunchScreen.storyboard */,
				A434575C2BCB785B002799C5 /* Info.plist */,
			);
			path = TheHappinessProject;
			sourceTree = "<group>";
		};
		A43457632BCB7996002799C5 /* Font */ = {
			isa = PBXGroup;
			children = (
				A43457622BCB7996002799C5 /* UIFont+Extension.swift */,
			);
			path = Font;
			sourceTree = "<group>";
		};
		A43457652BCB7996002799C5 /* ImageView */ = {
			isa = PBXGroup;
			children = (
				A43457642BCB7996002799C5 /* UIImageView+Extension.swift */,
			);
			path = ImageView;
			sourceTree = "<group>";
		};
		A43457672BCB7996002799C5 /* String */ = {
			isa = PBXGroup;
			children = (
				A43457662BCB7996002799C5 /* String+Extension.swift */,
			);
			path = String;
			sourceTree = "<group>";
		};
		A43457692BCB7996002799C5 /* TextField */ = {
			isa = PBXGroup;
			children = (
				A43457682BCB7996002799C5 /* UITextField+Extension.swift */,
			);
			path = TextField;
			sourceTree = "<group>";
		};
		A434576B2BCB7996002799C5 /* View */ = {
			isa = PBXGroup;
			children = (
				A434576A2BCB7996002799C5 /* UIVIew+Extension.swift */,
			);
			path = View;
			sourceTree = "<group>";
		};
		A434576C2BCB7996002799C5 /* Extension */ = {
			isa = PBXGroup;
			children = (
				A43457632BCB7996002799C5 /* Font */,
				A43457652BCB7996002799C5 /* ImageView */,
				A43457672BCB7996002799C5 /* String */,
				A43457692BCB7996002799C5 /* TextField */,
				A434576B2BCB7996002799C5 /* View */,
			);
			path = Extension;
			sourceTree = "<group>";
		};
		A43457752BCB7A42002799C5 /* Networking */ = {
			isa = PBXGroup;
			children = (
				A43457722BCB7A42002799C5 /* THPServiceManager.swift */,
				A43457732BCB7A42002799C5 /* THPUrlConfiguration.swift */,
				A43457742BCB7A42002799C5 /* THPUrls.swift */,
			);
			path = Networking;
			sourceTree = "<group>";
		};
		A434577A2BCB7ABC002799C5 /* Interactor */ = {
			isa = PBXGroup;
			children = (
				A43457792BCB7ABC002799C5 /* THPCategoriesInteractor.swift */,
			);
			path = Interactor;
			sourceTree = "<group>";
		};
		A434577C2BCB7ABC002799C5 /* Presenter */ = {
			isa = PBXGroup;
			children = (
				A434577B2BCB7ABC002799C5 /* THPCategoriesPresenter.swift */,
			);
			path = Presenter;
			sourceTree = "<group>";
		};
		A434577E2BCB7ABC002799C5 /* Protocols */ = {
			isa = PBXGroup;
			children = (
				A434577D2BCB7ABC002799C5 /* THPCategoriesProtocols.swift */,
			);
			path = Protocols;
			sourceTree = "<group>";
		};
		A43457802BCB7ABC002799C5 /* Router */ = {
			isa = PBXGroup;
			children = (
				A434577F2BCB7ABC002799C5 /* THPCategoriesRouter.swift */,
			);
			path = Router;
			sourceTree = "<group>";
		};
		A43457842BCB7ABC002799C5 /* View */ = {
			isa = PBXGroup;
			children = (
				A43457812BCB7ABC002799C5 /* THPCategoriesVC+Extension.swift */,
				A43457822BCB7ABC002799C5 /* THPCategoriesViewController.swift */,
				A43457832BCB7ABC002799C5 /* THPCategoriesViewController.xib */,
			);
			path = View;
			sourceTree = "<group>";
		};
		A43457852BCB7ABC002799C5 /* THPCategories */ = {
			isa = PBXGroup;
			children = (
				A434577A2BCB7ABC002799C5 /* Interactor */,
				A434577C2BCB7ABC002799C5 /* Presenter */,
				A434577E2BCB7ABC002799C5 /* Protocols */,
				A43457802BCB7ABC002799C5 /* Router */,
				A43457842BCB7ABC002799C5 /* View */,
			);
			path = THPCategories;
			sourceTree = "<group>";
		};
		A43457872BCB7ABC002799C5 /* Interactor */ = {
			isa = PBXGroup;
			children = (
				A43457862BCB7ABC002799C5 /* THPLoginInteractor.swift */,
			);
			path = Interactor;
			sourceTree = "<group>";
		};
		A43457892BCB7ABC002799C5 /* Presenter */ = {
			isa = PBXGroup;
			children = (
				A43457882BCB7ABC002799C5 /* THPLoginPresenter.swift */,
			);
			path = Presenter;
			sourceTree = "<group>";
		};
		A434578B2BCB7ABC002799C5 /* Protocols */ = {
			isa = PBXGroup;
			children = (
				A434578A2BCB7ABC002799C5 /* THPLoginProtocols.swift */,
			);
			path = Protocols;
			sourceTree = "<group>";
		};
		A434578D2BCB7ABC002799C5 /* Router */ = {
			isa = PBXGroup;
			children = (
				A434578C2BCB7ABC002799C5 /* THPLoginRouter.swift */,
			);
			path = Router;
			sourceTree = "<group>";
		};
		A43457902BCB7ABC002799C5 /* View */ = {
			isa = PBXGroup;
			children = (
				A434578E2BCB7ABC002799C5 /* THPLoginViewController.swift */,
				A434578F2BCB7ABC002799C5 /* THPLoginViewController.xib */,
			);
			path = View;
			sourceTree = "<group>";
		};
		A43457912BCB7ABC002799C5 /* THPLogin */ = {
			isa = PBXGroup;
			children = (
				A43457872BCB7ABC002799C5 /* Interactor */,
				A43457892BCB7ABC002799C5 /* Presenter */,
				A434578B2BCB7ABC002799C5 /* Protocols */,
				A434578D2BCB7ABC002799C5 /* Router */,
				A43457902BCB7ABC002799C5 /* View */,
			);
			path = THPLogin;
			sourceTree = "<group>";
		};
		A43457932BCB7ABC002799C5 /* Interactor */ = {
			isa = PBXGroup;
			children = (
				A43457922BCB7ABC002799C5 /* THPOurProductsInteractor.swift */,
			);
			path = Interactor;
			sourceTree = "<group>";
		};
		A43457952BCB7ABC002799C5 /* Presenter */ = {
			isa = PBXGroup;
			children = (
				A43457942BCB7ABC002799C5 /* THPOurProductsPresenter.swift */,
			);
			path = Presenter;
			sourceTree = "<group>";
		};
		A43457972BCB7ABC002799C5 /* Protocols */ = {
			isa = PBXGroup;
			children = (
				A43457962BCB7ABC002799C5 /* THPOurProductsProtocols.swift */,
			);
			path = Protocols;
			sourceTree = "<group>";
		};
		A43457992BCB7ABC002799C5 /* Router */ = {
			isa = PBXGroup;
			children = (
				A43457982BCB7ABC002799C5 /* THPOurProductsRouter.swift */,
			);
			path = Router;
			sourceTree = "<group>";
		};
		A434579D2BCB7ABC002799C5 /* View */ = {
			isa = PBXGroup;
			children = (
				A434579A2BCB7ABC002799C5 /* THPOurProductsVC+Extension.swift */,
				A434579B2BCB7ABC002799C5 /* THPOurProductsViewController.swift */,
				A434579C2BCB7ABC002799C5 /* THPOurProductsViewController.xib */,
			);
			path = View;
			sourceTree = "<group>";
		};
		A434579E2BCB7ABC002799C5 /* THPOurProducts */ = {
			isa = PBXGroup;
			children = (
				A43457932BCB7ABC002799C5 /* Interactor */,
				A43457952BCB7ABC002799C5 /* Presenter */,
				A43457972BCB7ABC002799C5 /* Protocols */,
				A43457992BCB7ABC002799C5 /* Router */,
				A434579D2BCB7ABC002799C5 /* View */,
			);
			path = THPOurProducts;
			sourceTree = "<group>";
		};
		A43457A02BCB7ABC002799C5 /* THPTabBarController */ = {
			isa = PBXGroup;
			children = (
				A434579F2BCB7ABC002799C5 /* THPTabBarController.swift */,
			);
			path = THPTabBarController;
			sourceTree = "<group>";
		};
		A43457A22BCB7ABC002799C5 /* Interactor */ = {
			isa = PBXGroup;
			children = (
				A43457A12BCB7ABC002799C5 /* THPWelcomeInteractor.swift */,
			);
			path = Interactor;
			sourceTree = "<group>";
		};
		A43457A42BCB7ABC002799C5 /* Presenter */ = {
			isa = PBXGroup;
			children = (
				A43457A32BCB7ABC002799C5 /* THPWelcomePresenter.swift */,
			);
			path = Presenter;
			sourceTree = "<group>";
		};
		A43457A62BCB7ABC002799C5 /* Protocols */ = {
			isa = PBXGroup;
			children = (
				A43457A52BCB7ABC002799C5 /* THPWelcomeProtocols.swift */,
			);
			path = Protocols;
			sourceTree = "<group>";
		};
		A43457A82BCB7ABC002799C5 /* Router */ = {
			isa = PBXGroup;
			children = (
				A43457A72BCB7ABC002799C5 /* THPWelcomeRouter.swift */,
			);
			path = Router;
			sourceTree = "<group>";
		};
		A43457AC2BCB7ABC002799C5 /* View */ = {
			isa = PBXGroup;
			children = (
				A43457A92BCB7ABC002799C5 /* THPWelcomeVC+Extension.swift */,
				A43457AA2BCB7ABC002799C5 /* THPWelcomeViewController.swift */,
				A43457AB2BCB7ABC002799C5 /* THPWelcomeViewController.xib */,
			);
			path = View;
			sourceTree = "<group>";
		};
		A43457AD2BCB7ABC002799C5 /* THPWelcome */ = {
			isa = PBXGroup;
			children = (
				A43457A22BCB7ABC002799C5 /* Interactor */,
				A43457A42BCB7ABC002799C5 /* Presenter */,
				A43457A62BCB7ABC002799C5 /* Protocols */,
				A43457A82BCB7ABC002799C5 /* Router */,
				A43457AC2BCB7ABC002799C5 /* View */,
			);
			path = THPWelcome;
			sourceTree = "<group>";
		};
		A43457AE2BCB7ABC002799C5 /* Modules */ = {
			isa = PBXGroup;
			children = (
				A43457852BCB7ABC002799C5 /* THPCategories */,
				A43457912BCB7ABC002799C5 /* THPLogin */,
				A434579E2BCB7ABC002799C5 /* THPOurProducts */,
				A43457A02BCB7ABC002799C5 /* THPTabBarController */,
				A43457AD2BCB7ABC002799C5 /* THPWelcome */,
			);
			path = Modules;
			sourceTree = "<group>";
		};
		A43457CD2BCB7B1D002799C5 /* CategoriesCVCell */ = {
			isa = PBXGroup;
			children = (
				A43457CB2BCB7B1D002799C5 /* CategoriesCollectionViewCell.swift */,
				A43457CC2BCB7B1D002799C5 /* CategoriesCollectionViewCell.xib */,
			);
			path = CategoriesCVCell;
			sourceTree = "<group>";
		};
		A43457D02BCB7B1D002799C5 /* OurProductsCVCell */ = {
			isa = PBXGroup;
			children = (
				A43457CE2BCB7B1D002799C5 /* OurProductsCollectionViewCell.swift */,
				A43457CF2BCB7B1D002799C5 /* OurProductsCollectionViewCell.xib */,
			);
			path = OurProductsCVCell;
			sourceTree = "<group>";
		};
		A43457D12BCB7B1D002799C5 /* CollectionViewCell */ = {
			isa = PBXGroup;
			children = (
				A43457CD2BCB7B1D002799C5 /* CategoriesCVCell */,
				A43457D02BCB7B1D002799C5 /* OurProductsCVCell */,
			);
			path = CollectionViewCell;
			sourceTree = "<group>";
		};
		A43457D22BCB7B1D002799C5 /* THPCollectionView */ = {
			isa = PBXGroup;
			children = (
				A43457D12BCB7B1D002799C5 /* CollectionViewCell */,
			);
			path = THPCollectionView;
			sourceTree = "<group>";
		};
		A43457D52BCB7B1D002799C5 /* THPOverView */ = {
			isa = PBXGroup;
			children = (
				A43457D32BCB7B1D002799C5 /* THPOverviewViewController.swift */,
				A43457D42BCB7B1D002799C5 /* THPOverviewViewController.xib */,
			);
			path = THPOverView;
			sourceTree = "<group>";
		};
		A43457D82BCB7B1D002799C5 /* THPSimpleViewController */ = {
			isa = PBXGroup;
			children = (
				A43457D62BCB7B1D002799C5 /* THPLoginNSignUpViewController.swift */,
				A43457D72BCB7B1D002799C5 /* THPLoginNSignUpViewController.xib */,
			);
			path = THPSimpleViewController;
			sourceTree = "<group>";
		};
		A43457DB2BCB7B1D002799C5 /* CategoriesCell */ = {
			isa = PBXGroup;
			children = (
				A43457D92BCB7B1D002799C5 /* THPCategoriesTableViewCell.swift */,
				A43457DA2BCB7B1D002799C5 /* THPCategoriesTableViewCell.xib */,
			);
			path = CategoriesCell;
			sourceTree = "<group>";
		};
		A43457DC2BCB7B1D002799C5 /* TableViewCell */ = {
			isa = PBXGroup;
			children = (
				A43457DB2BCB7B1D002799C5 /* CategoriesCell */,
			);
			path = TableViewCell;
			sourceTree = "<group>";
		};
		A43457DD2BCB7B1D002799C5 /* THPTableViewCell */ = {
			isa = PBXGroup;
			children = (
				A43457DC2BCB7B1D002799C5 /* TableViewCell */,
			);
			path = THPTableViewCell;
			sourceTree = "<group>";
		};
		A43457DE2BCB7B1D002799C5 /* View */ = {
			isa = PBXGroup;
			children = (
				A43457D22BCB7B1D002799C5 /* THPCollectionView */,
				A43457D52BCB7B1D002799C5 /* THPOverView */,
				A43457D82BCB7B1D002799C5 /* THPSimpleViewController */,
				A43457DD2BCB7B1D002799C5 /* THPTableViewCell */,
			);
			path = View;
			sourceTree = "<group>";
		};
/* End PBXGroup section */

/* Begin PBXNativeTarget section */
		A434574A2BCB7859002799C5 /* TheHappinessProject */ = {
			isa = PBXNativeTarget;
			buildConfigurationList = A434575F2BCB785B002799C5 /* Build configuration list for PBXNativeTarget "TheHappinessProject" */;
			buildPhases = (
				A43457472BCB7859002799C5 /* Sources */,
				A43457482BCB7859002799C5 /* Frameworks */,
				A43457492BCB7859002799C5 /* Resources */,
			);
			buildRules = (
			);
			dependencies = (
			);
			name = TheHappinessProject;
			productName = TheHappinessProject;
			productReference = A434574B2BCB7859002799C5 /* TheHappinessProject.app */;
			productType = "com.apple.product-type.application";
		};
/* End PBXNativeTarget section */

/* Begin PBXProject section */
		A43457432BCB7859002799C5 /* Project object */ = {
			isa = PBXProject;
			attributes = {
				BuildIndependentTargetsInParallel = 1;
				LastSwiftUpdateCheck = 1530;
				LastUpgradeCheck = 1530;
				TargetAttributes = {
					A434574A2BCB7859002799C5 = {
						CreatedOnToolsVersion = 15.3;
					};
				};
			};
			buildConfigurationList = A43457462BCB7859002799C5 /* Build configuration list for PBXProject "TheHappinessProject" */;
			compatibilityVersion = "Xcode 14.0";
			developmentRegion = en;
			hasScannedForEncodings = 0;
			knownRegions = (
				en,
				Base,
			);
			mainGroup = A43457422BCB7859002799C5;
			productRefGroup = A434574C2BCB7859002799C5 /* Products */;
			projectDirPath = "";
			projectRoot = "";
			targets = (
				A434574A2BCB7859002799C5 /* TheHappinessProject */,
			);
		};
/* End PBXProject section */

/* Begin PBXResourcesBuildPhase section */
		A43457492BCB7859002799C5 /* Resources */ = {
			isa = PBXResourcesBuildPhase;
			buildActionMask = 2147483647;
			files = (
				A43457582BCB785B002799C5 /* Assets.xcassets in Resources */,
				A43457B52BCB7ABC002799C5 /* THPCategoriesViewController.xib in Resources */,
				A43457E42BCB7B1D002799C5 /* THPOverviewViewController.xib in Resources */,
				A43457E22BCB7B1D002799C5 /* OurProductsCollectionViewCell.xib in Resources */,
				A43457C22BCB7ABC002799C5 /* THPOurProductsViewController.xib in Resources */,
				A43457BB2BCB7ABC002799C5 /* THPLoginViewController.xib in Resources */,
				A43457E62BCB7B1D002799C5 /* THPLoginNSignUpViewController.xib in Resources */,
				A43457E02BCB7B1D002799C5 /* CategoriesCollectionViewCell.xib in Resources */,
				A43457E82BCB7B1D002799C5 /* THPCategoriesTableViewCell.xib in Resources */,
				A43457CA2BCB7ABC002799C5 /* THPWelcomeViewController.xib in Resources */,
				A434575B2BCB785B002799C5 /* Base in Resources */,
				A43457562BCB7859002799C5 /* Base in Resources */,
			);
			runOnlyForDeploymentPostprocessing = 0;
		};
/* End PBXResourcesBuildPhase section */

/* Begin PBXSourcesBuildPhase section */
		A43457472BCB7859002799C5 /* Sources */ = {
			isa = PBXSourcesBuildPhase;
			buildActionMask = 2147483647;
			files = (
				A43457C92BCB7ABC002799C5 /* THPWelcomeViewController.swift in Sources */,
				A43457C42BCB7ABC002799C5 /* THPWelcomeInteractor.swift in Sources */,
				A43457B42BCB7ABC002799C5 /* THPCategoriesViewController.swift in Sources */,
				A43457BA2BCB7ABC002799C5 /* THPLoginViewController.swift in Sources */,
				A43457C12BCB7ABC002799C5 /* THPOurProductsViewController.swift in Sources */,
				A43457B72BCB7ABC002799C5 /* THPLoginPresenter.swift in Sources */,
				A43457B92BCB7ABC002799C5 /* THPLoginRouter.swift in Sources */,
				A434576E2BCB7996002799C5 /* UIImageView+Extension.swift in Sources */,
				A43457532BCB7859002799C5 /* ViewController.swift in Sources */,
				A43457BF2BCB7ABC002799C5 /* THPOurProductsRouter.swift in Sources */,
				A43457BD2BCB7ABC002799C5 /* THPOurProductsPresenter.swift in Sources */,
				A43457E52BCB7B1D002799C5 /* THPLoginNSignUpViewController.swift in Sources */,
				A43457B82BCB7ABC002799C5 /* THPLoginProtocols.swift in Sources */,
				A43457712BCB7996002799C5 /* UIVIew+Extension.swift in Sources */,
				A43457C82BCB7ABC002799C5 /* THPWelcomeVC+Extension.swift in Sources */,
				A43457C02BCB7ABC002799C5 /* THPOurProductsVC+Extension.swift in Sources */,
				A43457782BCB7A43002799C5 /* THPUrls.swift in Sources */,
				A43457C52BCB7ABC002799C5 /* THPWelcomePresenter.swift in Sources */,
				A43457702BCB7996002799C5 /* UITextField+Extension.swift in Sources */,
				A43457DF2BCB7B1D002799C5 /* CategoriesCollectionViewCell.swift in Sources */,
				A43457BE2BCB7ABC002799C5 /* THPOurProductsProtocols.swift in Sources */,
				A43457C62BCB7ABC002799C5 /* THPWelcomeProtocols.swift in Sources */,
				A434574F2BCB7859002799C5 /* AppDelegate.swift in Sources */,
				A43457772BCB7A43002799C5 /* THPUrlConfiguration.swift in Sources */,
				A434576D2BCB7996002799C5 /* UIFont+Extension.swift in Sources */,
				A43457BC2BCB7ABC002799C5 /* THPOurProductsInteractor.swift in Sources */,
				A43457E12BCB7B1D002799C5 /* OurProductsCollectionViewCell.swift in Sources */,
				A43457762BCB7A43002799C5 /* THPServiceManager.swift in Sources */,
				A43457B22BCB7ABC002799C5 /* THPCategoriesRouter.swift in Sources */,
				A43457B02BCB7ABC002799C5 /* THPCategoriesPresenter.swift in Sources */,
				A43457B12BCB7ABC002799C5 /* THPCategoriesProtocols.swift in Sources */,
				A43457B62BCB7ABC002799C5 /* THPLoginInteractor.swift in Sources */,
				A43457E72BCB7B1D002799C5 /* THPCategoriesTableViewCell.swift in Sources */,
				A43457C72BCB7ABC002799C5 /* THPWelcomeRouter.swift in Sources */,
				A43457E32BCB7B1D002799C5 /* THPOverviewViewController.swift in Sources */,
				A43457AF2BCB7ABC002799C5 /* THPCategoriesInteractor.swift in Sources */,
				A43457B32BCB7ABC002799C5 /* THPCategoriesVC+Extension.swift in Sources */,
				A434576F2BCB7996002799C5 /* String+Extension.swift in Sources */,
				A43457512BCB7859002799C5 /* SceneDelegate.swift in Sources */,
				A43457C32BCB7ABC002799C5 /* THPTabBarController.swift in Sources */,
			);
			runOnlyForDeploymentPostprocessing = 0;
		};
/* End PBXSourcesBuildPhase section */

/* Begin PBXVariantGroup section */
		A43457542BCB7859002799C5 /* Main.storyboard */ = {
			isa = PBXVariantGroup;
			children = (
				A43457552BCB7859002799C5 /* Base */,
			);
			name = Main.storyboard;
			sourceTree = "<group>";
		};
		A43457592BCB785B002799C5 /* LaunchScreen.storyboard */ = {
			isa = PBXVariantGroup;
			children = (
				A434575A2BCB785B002799C5 /* Base */,
			);
			name = LaunchScreen.storyboard;
			sourceTree = "<group>";
		};
/* End PBXVariantGroup section */

/* Begin XCBuildConfiguration section */
		A434575D2BCB785B002799C5 /* Debug */ = {
			isa = XCBuildConfiguration;
			buildSettings = {
				ALWAYS_SEARCH_USER_PATHS = NO;
				ASSETCATALOG_COMPILER_GENERATE_SWIFT_ASSET_SYMBOL_EXTENSIONS = YES;
				CLANG_ANALYZER_NONNULL = YES;
				CLANG_ANALYZER_NUMBER_OBJECT_CONVERSION = YES_AGGRESSIVE;
				CLANG_CXX_LANGUAGE_STANDARD = "gnu++20";
				CLANG_ENABLE_MODULES = YES;
				CLANG_ENABLE_OBJC_ARC = YES;
				CLANG_ENABLE_OBJC_WEAK = YES;
				CLANG_WARN_BLOCK_CAPTURE_AUTORELEASING = YES;
				CLANG_WARN_BOOL_CONVERSION = YES;
				CLANG_WARN_COMMA = YES;
				CLANG_WARN_CONSTANT_CONVERSION = YES;
				CLANG_WARN_DEPRECATED_OBJC_IMPLEMENTATIONS = YES;
				CLANG_WARN_DIRECT_OBJC_ISA_USAGE = YES_ERROR;
				CLANG_WARN_DOCUMENTATION_COMMENTS = YES;
				CLANG_WARN_EMPTY_BODY = YES;
				CLANG_WARN_ENUM_CONVERSION = YES;
				CLANG_WARN_INFINITE_RECURSION = YES;
				CLANG_WARN_INT_CONVERSION = YES;
				CLANG_WARN_NON_LITERAL_NULL_CONVERSION = YES;
				CLANG_WARN_OBJC_IMPLICIT_RETAIN_SELF = YES;
				CLANG_WARN_OBJC_LITERAL_CONVERSION = YES;
				CLANG_WARN_OBJC_ROOT_CLASS = YES_ERROR;
				CLANG_WARN_QUOTED_INCLUDE_IN_FRAMEWORK_HEADER = YES;
				CLANG_WARN_RANGE_LOOP_ANALYSIS = YES;
				CLANG_WARN_STRICT_PROTOTYPES = YES;
				CLANG_WARN_SUSPICIOUS_MOVE = YES;
				CLANG_WARN_UNGUARDED_AVAILABILITY = YES_AGGRESSIVE;
				CLANG_WARN_UNREACHABLE_CODE = YES;
				CLANG_WARN__DUPLICATE_METHOD_MATCH = YES;
				COPY_PHASE_STRIP = NO;
				DEBUG_INFORMATION_FORMAT = dwarf;
				ENABLE_STRICT_OBJC_MSGSEND = YES;
				ENABLE_TESTABILITY = YES;
				ENABLE_USER_SCRIPT_SANDBOXING = YES;
				GCC_C_LANGUAGE_STANDARD = gnu17;
				GCC_DYNAMIC_NO_PIC = NO;
				GCC_NO_COMMON_BLOCKS = YES;
				GCC_OPTIMIZATION_LEVEL = 0;
				GCC_PREPROCESSOR_DEFINITIONS = (
					"DEBUG=1",
					"$(inherited)",
				);
				GCC_WARN_64_TO_32_BIT_CONVERSION = YES;
				GCC_WARN_ABOUT_RETURN_TYPE = YES_ERROR;
				GCC_WARN_UNDECLARED_SELECTOR = YES;
				GCC_WARN_UNINITIALIZED_AUTOS = YES_AGGRESSIVE;
				GCC_WARN_UNUSED_FUNCTION = YES;
				GCC_WARN_UNUSED_VARIABLE = YES;
				IPHONEOS_DEPLOYMENT_TARGET = 15.0;
				LOCALIZATION_PREFERS_STRING_CATALOGS = YES;
				MTL_ENABLE_DEBUG_INFO = INCLUDE_SOURCE;
				MTL_FAST_MATH = YES;
				ONLY_ACTIVE_ARCH = YES;
				SDKROOT = iphoneos;
				SWIFT_ACTIVE_COMPILATION_CONDITIONS = "DEBUG $(inherited)";
				SWIFT_OPTIMIZATION_LEVEL = "-Onone";
			};
			name = Debug;
		};
		A434575E2BCB785B002799C5 /* Release */ = {
			isa = XCBuildConfiguration;
			buildSettings = {
				ALWAYS_SEARCH_USER_PATHS = NO;
				ASSETCATALOG_COMPILER_GENERATE_SWIFT_ASSET_SYMBOL_EXTENSIONS = YES;
				CLANG_ANALYZER_NONNULL = YES;
				CLANG_ANALYZER_NUMBER_OBJECT_CONVERSION = YES_AGGRESSIVE;
				CLANG_CXX_LANGUAGE_STANDARD = "gnu++20";
				CLANG_ENABLE_MODULES = YES;
				CLANG_ENABLE_OBJC_ARC = YES;
				CLANG_ENABLE_OBJC_WEAK = YES;
				CLANG_WARN_BLOCK_CAPTURE_AUTORELEASING = YES;
				CLANG_WARN_BOOL_CONVERSION = YES;
				CLANG_WARN_COMMA = YES;
				CLANG_WARN_CONSTANT_CONVERSION = YES;
				CLANG_WARN_DEPRECATED_OBJC_IMPLEMENTATIONS = YES;
				CLANG_WARN_DIRECT_OBJC_ISA_USAGE = YES_ERROR;
				CLANG_WARN_DOCUMENTATION_COMMENTS = YES;
				CLANG_WARN_EMPTY_BODY = YES;
				CLANG_WARN_ENUM_CONVERSION = YES;
				CLANG_WARN_INFINITE_RECURSION = YES;
				CLANG_WARN_INT_CONVERSION = YES;
				CLANG_WARN_NON_LITERAL_NULL_CONVERSION = YES;
				CLANG_WARN_OBJC_IMPLICIT_RETAIN_SELF = YES;
				CLANG_WARN_OBJC_LITERAL_CONVERSION = YES;
				CLANG_WARN_OBJC_ROOT_CLASS = YES_ERROR;
				CLANG_WARN_QUOTED_INCLUDE_IN_FRAMEWORK_HEADER = YES;
				CLANG_WARN_RANGE_LOOP_ANALYSIS = YES;
				CLANG_WARN_STRICT_PROTOTYPES = YES;
				CLANG_WARN_SUSPICIOUS_MOVE = YES;
				CLANG_WARN_UNGUARDED_AVAILABILITY = YES_AGGRESSIVE;
				CLANG_WARN_UNREACHABLE_CODE = YES;
				CLANG_WARN__DUPLICATE_METHOD_MATCH = YES;
				COPY_PHASE_STRIP = NO;
				DEBUG_INFORMATION_FORMAT = "dwarf-with-dsym";
				ENABLE_NS_ASSERTIONS = NO;
				ENABLE_STRICT_OBJC_MSGSEND = YES;
				ENABLE_USER_SCRIPT_SANDBOXING = YES;
				GCC_C_LANGUAGE_STANDARD = gnu17;
				GCC_NO_COMMON_BLOCKS = YES;
				GCC_WARN_64_TO_32_BIT_CONVERSION = YES;
				GCC_WARN_ABOUT_RETURN_TYPE = YES_ERROR;
				GCC_WARN_UNDECLARED_SELECTOR = YES;
				GCC_WARN_UNINITIALIZED_AUTOS = YES_AGGRESSIVE;
				GCC_WARN_UNUSED_FUNCTION = YES;
				GCC_WARN_UNUSED_VARIABLE = YES;
				IPHONEOS_DEPLOYMENT_TARGET = 15.0;
				LOCALIZATION_PREFERS_STRING_CATALOGS = YES;
				MTL_ENABLE_DEBUG_INFO = NO;
				MTL_FAST_MATH = YES;
				SDKROOT = iphoneos;
				SWIFT_COMPILATION_MODE = wholemodule;
				VALIDATE_PRODUCT = YES;
			};
			name = Release;
		};
		A43457602BCB785B002799C5 /* Debug */ = {
			isa = XCBuildConfiguration;
			buildSettings = {
				ASSETCATALOG_COMPILER_APPICON_NAME = AppIcon;
				ASSETCATALOG_COMPILER_GLOBAL_ACCENT_COLOR_NAME = AccentColor;
				CODE_SIGN_STYLE = Automatic;
				CURRENT_PROJECT_VERSION = 1;
				DEVELOPMENT_TEAM = T2SGY3LL4V;
				GENERATE_INFOPLIST_FILE = YES;
				INFOPLIST_FILE = TheHappinessProject/Info.plist;
				INFOPLIST_KEY_UIApplicationSupportsIndirectInputEvents = YES;
				INFOPLIST_KEY_UILaunchStoryboardName = LaunchScreen;
				INFOPLIST_KEY_UIMainStoryboardFile = Main;
				INFOPLIST_KEY_UISupportedInterfaceOrientations = UIInterfaceOrientationPortrait;
				IPHONEOS_DEPLOYMENT_TARGET = 15.0;
				LD_RUNPATH_SEARCH_PATHS = (
					"$(inherited)",
					"@executable_path/Frameworks",
				);
				MARKETING_VERSION = 1.0;
				PRODUCT_BUNDLE_IDENTIFIER = com.TheHappinessProject.dev;
				PRODUCT_NAME = "$(TARGET_NAME)";
				SUPPORTED_PLATFORMS = "iphoneos iphonesimulator";
				SUPPORTS_MACCATALYST = NO;
				SUPPORTS_MAC_DESIGNED_FOR_IPHONE_IPAD = NO;
				SUPPORTS_XR_DESIGNED_FOR_IPHONE_IPAD = NO;
				SWIFT_EMIT_LOC_STRINGS = YES;
				SWIFT_VERSION = 5.0;
				TARGETED_DEVICE_FAMILY = "1,2";
			};
			name = Debug;
		};
		A43457612BCB785B002799C5 /* Release */ = {
			isa = XCBuildConfiguration;
			buildSettings = {
				ASSETCATALOG_COMPILER_APPICON_NAME = AppIcon;
				ASSETCATALOG_COMPILER_GLOBAL_ACCENT_COLOR_NAME = AccentColor;
				CODE_SIGN_STYLE = Automatic;
				CURRENT_PROJECT_VERSION = 1;
				DEVELOPMENT_TEAM = T2SGY3LL4V;
				GENERATE_INFOPLIST_FILE = YES;
				INFOPLIST_FILE = TheHappinessProject/Info.plist;
				INFOPLIST_KEY_UIApplicationSupportsIndirectInputEvents = YES;
				INFOPLIST_KEY_UILaunchStoryboardName = LaunchScreen;
				INFOPLIST_KEY_UIMainStoryboardFile = Main;
				INFOPLIST_KEY_UISupportedInterfaceOrientations = UIInterfaceOrientationPortrait;
				IPHONEOS_DEPLOYMENT_TARGET = 15.0;
				LD_RUNPATH_SEARCH_PATHS = (
					"$(inherited)",
					"@executable_path/Frameworks",
				);
				MARKETING_VERSION = 1.0;
				PRODUCT_BUNDLE_IDENTIFIER = com.TheHappinessProject.dev;
				PRODUCT_NAME = "$(TARGET_NAME)";
				SUPPORTED_PLATFORMS = "iphoneos iphonesimulator";
				SUPPORTS_MACCATALYST = NO;
				SUPPORTS_MAC_DESIGNED_FOR_IPHONE_IPAD = NO;
				SUPPORTS_XR_DESIGNED_FOR_IPHONE_IPAD = NO;
				SWIFT_EMIT_LOC_STRINGS = YES;
				SWIFT_VERSION = 5.0;
				TARGETED_DEVICE_FAMILY = "1,2";
			};
			name = Release;
		};
/* End XCBuildConfiguration section */

/* Begin XCConfigurationList section */
		A43457462BCB7859002799C5 /* Build configuration list for PBXProject "TheHappinessProject" */ = {
			isa = XCConfigurationList;
			buildConfigurations = (
				A434575D2BCB785B002799C5 /* Debug */,
				A434575E2BCB785B002799C5 /* Release */,
			);
			defaultConfigurationIsVisible = 0;
			defaultConfigurationName = Release;
		};
		A434575F2BCB785B002799C5 /* Build configuration list for PBXNativeTarget "TheHappinessProject" */ = {
			isa = XCConfigurationList;
			buildConfigurations = (
				A43457602BCB785B002799C5 /* Debug */,
				A43457612BCB785B002799C5 /* Release */,
			);
			defaultConfigurationIsVisible = 0;
			defaultConfigurationName = Release;
		};
/* End XCConfigurationList section */
	};
	rootObject = A43457432BCB7859002799C5 /* Project object */;
}
